
Microsoft Visual Studio Solution File, Format Version 12.00
# Visual Studio Version 17
VisualStudioVersion = 17.0.31903.59
MinimumVisualStudioVersion = 10.0.40219.1
Project("{FAE04EC0-301F-11D3-BF4B-00C04F79EFBC}") = "eShop.CoreBusiness", "eShop.CoreBusiness\eShop.CoreBusiness.csproj", "{64E84634-ED8C-4B61-BB09-1502AB7CB1B5}"
EndProject
Project("{FAE04EC0-301F-11D3-BF4B-00C04F79EFBC}") = "eShop.UseCases", "eShop.UseCases\eShop.UseCases.csproj", "{469EDF1C-9421-4546-B9A5-7C7D09FFD05E}"
EndProject
Project("{FAE04EC0-301F-11D3-BF4B-00C04F79EFBC}") = "eShop.Web", "eShop.Web\eShop.Web.csproj", "{BF79FAAF-809A-4D53-8926-451A1A904325}"
EndProject
Project("{2150E333-8FDC-42A3-9474-1A3956D46DE8}") = "eShop.Web.Modules", "eShop.Web.Modules", "{4FA71934-E07D-CB58-10F2-4805609A2F69}"
EndProject
Project("{FAE04EC0-301F-11D3-BF4B-00C04F79EFBC}") = "eShop.Web.AdminPortal", "eShop.Web.Modules\eShop.Web.AdminPortal\eShop.Web.AdminPortal.csproj", "{49D1B5A1-B7E1-47CB-A3BD-398E91DE8EB2}"
EndProject
Project("{FAE04EC0-301F-11D3-BF4B-00C04F79EFBC}") = "eShop.Web.Common", "eShop.Web.Modules\eShop.Web.Common\eShop.Web.Common.csproj", "{47A802CE-6B45-4DB0-BCC1-46E25CC4600F}"
EndProject
Project("{FAE04EC0-301F-11D3-BF4B-00C04F79EFBC}") = "eShop.Web.CustomerPortal", "eShop.Web.Modules\eShop.Web.CustomerPortal\eShop.Web.CustomerPortal.csproj", "{EAE268E6-9DC3-4022-97AC-CCB31F532D99}"
EndProject
Project("{2150E333-8FDC-42A3-9474-1A3956D46DE8}") = "Plugins", "Plugins", "{07D57EEB-2F50-60C4-C011-FE4FA775C9A8}"
EndProject
Project("{FAE04EC0-301F-11D3-BF4B-00C04F79EFBC}") = "eShop.DataStore.HardCoded", "eShop.DataStore.HardCoded\eShop.DataStore.HardCoded.csproj", "{22656539-930B-430B-9BF2-D8F5A03C889D}"
EndProject
Project("{FAE04EC0-301F-11D3-BF4B-00C04F79EFBC}") = "eShop.ShoppingCart.LocalStorage", "Plugins\eShop.ShoppingCart.LocalStorage\eShop.ShoppingCart.LocalStorage.csproj", "{38B8FB4C-D6A4-478B-921E-387BE2A5EDF3}"
EndProject
Project("{FAE04EC0-301F-11D3-BF4B-00C04F79EFBC}") = "eShop.StateStore.DI", "Plugins\eShop.StateStore.DI\eShop.StateStore.DI.csproj", "{084C0DDD-7AB7-41AB-ABB1-C67E99E856D5}"
EndProject
Global
	GlobalSection(SolutionConfigurationPlatforms) = preSolution
		Debug|Any CPU = Debug|Any CPU
		Debug|x64 = Debug|x64
		Debug|x86 = Debug|x86
		Release|Any CPU = Release|Any CPU
		Release|x64 = Release|x64
		Release|x86 = Release|x86
	EndGlobalSection
	GlobalSection(ProjectConfigurationPlatforms) = postSolution
		{64E84634-ED8C-4B61-BB09-1502AB7CB1B5}.Debug|Any CPU.ActiveCfg = Debug|Any CPU
		{64E84634-ED8C-4B61-BB09-1502AB7CB1B5}.Debug|Any CPU.Build.0 = Debug|Any CPU
		{64E84634-ED8C-4B61-BB09-1502AB7CB1B5}.Debug|x64.ActiveCfg = Debug|Any CPU
		{64E84634-ED8C-4B61-BB09-1502AB7CB1B5}.Debug|x64.Build.0 = Debug|Any CPU
		{64E84634-ED8C-4B61-BB09-1502AB7CB1B5}.Debug|x86.ActiveCfg = Debug|Any CPU
		{64E84634-ED8C-4B61-BB09-1502AB7CB1B5}.Debug|x86.Build.0 = Debug|Any CPU
		{64E84634-ED8C-4B61-BB09-1502AB7CB1B5}.Release|Any CPU.ActiveCfg = Release|Any CPU
		{64E84634-ED8C-4B61-BB09-1502AB7CB1B5}.Release|Any CPU.Build.0 = Release|Any CPU
		{64E84634-ED8C-4B61-BB09-1502AB7CB1B5}.Release|x64.ActiveCfg = Release|Any CPU
		{64E84634-ED8C-4B61-BB09-1502AB7CB1B5}.Release|x64.Build.0 = Release|Any CPU
		{64E84634-ED8C-4B61-BB09-1502AB7CB1B5}.Release|x86.ActiveCfg = Release|Any CPU
		{64E84634-ED8C-4B61-BB09-1502AB7CB1B5}.Release|x86.Build.0 = Release|Any CPU
		{469EDF1C-9421-4546-B9A5-7C7D09FFD05E}.Debug|Any CPU.ActiveCfg = Debug|Any CPU
		{469EDF1C-9421-4546-B9A5-7C7D09FFD05E}.Debug|Any CPU.Build.0 = Debug|Any CPU
		{469EDF1C-9421-4546-B9A5-7C7D09FFD05E}.Debug|x64.ActiveCfg = Debug|Any CPU
		{469EDF1C-9421-4546-B9A5-7C7D09FFD05E}.Debug|x64.Build.0 = Debug|Any CPU
		{469EDF1C-9421-4546-B9A5-7C7D09FFD05E}.Debug|x86.ActiveCfg = Debug|Any CPU
		{469EDF1C-9421-4546-B9A5-7C7D09FFD05E}.Debug|x86.Build.0 = Debug|Any CPU
		{469EDF1C-9421-4546-B9A5-7C7D09FFD05E}.Release|Any CPU.ActiveCfg = Release|Any CPU
		{469EDF1C-9421-4546-B9A5-7C7D09FFD05E}.Release|Any CPU.Build.0 = Release|Any CPU
		{469EDF1C-9421-4546-B9A5-7C7D09FFD05E}.Release|x64.ActiveCfg = Release|Any CPU
		{469EDF1C-9421-4546-B9A5-7C7D09FFD05E}.Release|x64.Build.0 = Release|Any CPU
		{469EDF1C-9421-4546-B9A5-7C7D09FFD05E}.Release|x86.ActiveCfg = Release|Any CPU
		{469EDF1C-9421-4546-B9A5-7C7D09FFD05E}.Release|x86.Build.0 = Release|Any CPU
		{BF79FAAF-809A-4D53-8926-451A1A904325}.Debug|Any CPU.ActiveCfg = Debug|Any CPU
		{BF79FAAF-809A-4D53-8926-451A1A904325}.Debug|Any CPU.Build.0 = Debug|Any CPU
		{BF79FAAF-809A-4D53-8926-451A1A904325}.Debug|x64.ActiveCfg = Debug|Any CPU
		{BF79FAAF-809A-4D53-8926-451A1A904325}.Debug|x64.Build.0 = Debug|Any CPU
		{BF79FAAF-809A-4D53-8926-451A1A904325}.Debug|x86.ActiveCfg = Debug|Any CPU
		{BF79FAAF-809A-4D53-8926-451A1A904325}.Debug|x86.Build.0 = Debug|Any CPU
		{BF79FAAF-809A-4D53-8926-451A1A904325}.Release|Any CPU.ActiveCfg = Release|Any CPU
		{BF79FAAF-809A-4D53-8926-451A1A904325}.Release|Any CPU.Build.0 = Release|Any CPU
		{BF79FAAF-809A-4D53-8926-451A1A904325}.Release|x64.ActiveCfg = Release|Any CPU
		{BF79FAAF-809A-4D53-8926-451A1A904325}.Release|x64.Build.0 = Release|Any CPU
		{BF79FAAF-809A-4D53-8926-451A1A904325}.Release|x86.ActiveCfg = Release|Any CPU
		{BF79FAAF-809A-4D53-8926-451A1A904325}.Release|x86.Build.0 = Release|Any CPU
		{49D1B5A1-B7E1-47CB-A3BD-398E91DE8EB2}.Debug|Any CPU.ActiveCfg = Debug|Any CPU
		{49D1B5A1-B7E1-47CB-A3BD-398E91DE8EB2}.Debug|Any CPU.Build.0 = Debug|Any CPU
		{49D1B5A1-B7E1-47CB-A3BD-398E91DE8EB2}.Debug|x64.ActiveCfg = Debug|Any CPU
		{49D1B5A1-B7E1-47CB-A3BD-398E91DE8EB2}.Debug|x64.Build.0 = Debug|Any CPU
		{49D1B5A1-B7E1-47CB-A3BD-398E91DE8EB2}.Debug|x86.ActiveCfg = Debug|Any CPU
		{49D1B5A1-B7E1-47CB-A3BD-398E91DE8EB2}.Debug|x86.Build.0 = Debug|Any CPU
		{49D1B5A1-B7E1-47CB-A3BD-398E91DE8EB2}.Release|Any CPU.ActiveCfg = Release|Any CPU
		{49D1B5A1-B7E1-47CB-A3BD-398E91DE8EB2}.Release|Any CPU.Build.0 = Release|Any CPU
		{49D1B5A1-B7E1-47CB-A3BD-398E91DE8EB2}.Release|x64.ActiveCfg = Release|Any CPU
		{49D1B5A1-B7E1-47CB-A3BD-398E91DE8EB2}.Release|x64.Build.0 = Release|Any CPU
		{49D1B5A1-B7E1-47CB-A3BD-398E91DE8EB2}.Release|x86.ActiveCfg = Release|Any CPU
		{49D1B5A1-B7E1-47CB-A3BD-398E91DE8EB2}.Release|x86.Build.0 = Release|Any CPU
		{47A802CE-6B45-4DB0-BCC1-46E25CC4600F}.Debug|Any CPU.ActiveCfg = Debug|Any CPU
		{47A802CE-6B45-4DB0-BCC1-46E25CC4600F}.Debug|Any CPU.Build.0 = Debug|Any CPU
		{47A802CE-6B45-4DB0-BCC1-46E25CC4600F}.Debug|x64.ActiveCfg = Debug|Any CPU
		{47A802CE-6B45-4DB0-BCC1-46E25CC4600F}.Debug|x64.Build.0 = Debug|Any CPU
		{47A802CE-6B45-4DB0-BCC1-46E25CC4600F}.Debug|x86.ActiveCfg = Debug|Any CPU
		{47A802CE-6B45-4DB0-BCC1-46E25CC4600F}.Debug|x86.Build.0 = Debug|Any CPU
		{47A802CE-6B45-4DB0-BCC1-46E25CC4600F}.Release|Any CPU.ActiveCfg = Release|Any CPU
		{47A802CE-6B45-4DB0-BCC1-46E25CC4600F}.Release|Any CPU.Build.0 = Release|Any CPU
		{47A802CE-6B45-4DB0-BCC1-46E25CC4600F}.Release|x64.ActiveCfg = Release|Any CPU
		{47A802CE-6B45-4DB0-BCC1-46E25CC4600F}.Release|x64.Build.0 = Release|Any CPU
		{47A802CE-6B45-4DB0-BCC1-46E25CC4600F}.Release|x86.ActiveCfg = Release|Any CPU
		{47A802CE-6B45-4DB0-BCC1-46E25CC4600F}.Release|x86.Build.0 = Release|Any CPU
		{EAE268E6-9DC3-4022-97AC-CCB31F532D99}.Debug|Any CPU.ActiveCfg = Debug|Any CPU
		{EAE268E6-9DC3-4022-97AC-CCB31F532D99}.Debug|Any CPU.Build.0 = Debug|Any CPU
		{EAE268E6-9DC3-4022-97AC-CCB31F532D99}.Debug|x64.ActiveCfg = Debug|Any CPU
		{EAE268E6-9DC3-4022-97AC-CCB31F532D99}.Debug|x64.Build.0 = Debug|Any CPU
		{EAE268E6-9DC3-4022-97AC-CCB31F532D99}.Debug|x86.ActiveCfg = Debug|Any CPU
		{EAE268E6-9DC3-4022-97AC-CCB31F532D99}.Debug|x86.Build.0 = Debug|Any CPU
		{EAE268E6-9DC3-4022-97AC-CCB31F532D99}.Release|Any CPU.ActiveCfg = Release|Any CPU
		{EAE268E6-9DC3-4022-97AC-CCB31F532D99}.Release|Any CPU.Build.0 = Release|Any CPU
		{EAE268E6-9DC3-4022-97AC-CCB31F532D99}.Release|x64.ActiveCfg = Release|Any CPU
		{EAE268E6-9DC3-4022-97AC-CCB31F532D99}.Release|x64.Build.0 = Release|Any CPU
		{EAE268E6-9DC3-4022-97AC-CCB31F532D99}.Release|x86.ActiveCfg = Release|Any CPU
		{EAE268E6-9DC3-4022-97AC-CCB31F532D99}.Release|x86.Build.0 = Release|Any CPU
		{22656539-930B-430B-9BF2-D8F5A03C889D}.Debug|Any CPU.ActiveCfg = Debug|Any CPU
		{22656539-930B-430B-9BF2-D8F5A03C889D}.Debug|Any CPU.Build.0 = Debug|Any CPU
		{22656539-930B-430B-9BF2-D8F5A03C889D}.Debug|x64.ActiveCfg = Debug|Any CPU
		{22656539-930B-430B-9BF2-D8F5A03C889D}.Debug|x64.Build.0 = Debug|Any CPU
		{22656539-930B-430B-9BF2-D8F5A03C889D}.Debug|x86.ActiveCfg = Debug|Any CPU
		{22656539-930B-430B-9BF2-D8F5A03C889D}.Debug|x86.Build.0 = Debug|Any CPU
		{22656539-930B-430B-9BF2-D8F5A03C889D}.Release|Any CPU.ActiveCfg = Release|Any CPU
		{22656539-930B-430B-9BF2-D8F5A03C889D}.Release|Any CPU.Build.0 = Release|Any CPU
		{22656539-930B-430B-9BF2-D8F5A03C889D}.Release|x64.ActiveCfg = Release|Any CPU
		{22656539-930B-430B-9BF2-D8F5A03C889D}.Release|x64.Build.0 = Release|Any CPU
		{22656539-930B-430B-9BF2-D8F5A03C889D}.Release|x86.ActiveCfg = Release|Any CPU
		{22656539-930B-430B-9BF2-D8F5A03C889D}.Release|x86.Build.0 = Release|Any CPU
		{38B8FB4C-D6A4-478B-921E-387BE2A5EDF3}.Debug|Any CPU.ActiveCfg = Debug|Any CPU
		{38B8FB4C-D6A4-478B-921E-387BE2A5EDF3}.Debug|Any CPU.Build.0 = Debug|Any CPU
		{38B8FB4C-D6A4-478B-921E-387BE2A5EDF3}.Debug|x64.ActiveCfg = Debug|Any CPU
		{38B8FB4C-D6A4-478B-921E-387BE2A5EDF3}.Debug|x64.Build.0 = Debug|Any CPU
		{38B8FB4C-D6A4-478B-921E-387BE2A5EDF3}.Debug|x86.ActiveCfg = Debug|Any CPU
		{38B8FB4C-D6A4-478B-921E-387BE2A5EDF3}.Debug|x86.Build.0 = Debug|Any CPU
		{38B8FB4C-D6A4-478B-921E-387BE2A5EDF3}.Release|Any CPU.ActiveCfg = Release|Any CPU
		{38B8FB4C-D6A4-478B-921E-387BE2A5EDF3}.Release|Any CPU.Build.0 = Release|Any CPU
		{38B8FB4C-D6A4-478B-921E-387BE2A5EDF3}.Release|x64.ActiveCfg = Release|Any CPU
		{38B8FB4C-D6A4-478B-921E-387BE2A5EDF3}.Release|x64.Build.0 = Release|Any CPU
		{38B8FB4C-D6A4-478B-921E-387BE2A5EDF3}.Release|x86.ActiveCfg = Release|Any CPU
		{38B8FB4C-D6A4-478B-921E-387BE2A5EDF3}.Release|x86.Build.0 = Release|Any CPU
		{084C0DDD-7AB7-41AB-ABB1-C67E99E856D5}.Debug|Any CPU.ActiveCfg = Debug|Any CPU
		{084C0DDD-7AB7-41AB-ABB1-C67E99E856D5}.Debug|Any CPU.Build.0 = Debug|Any CPU
		{084C0DDD-7AB7-41AB-ABB1-C67E99E856D5}.Debug|x64.ActiveCfg = Debug|Any CPU
		{084C0DDD-7AB7-41AB-ABB1-C67E99E856D5}.Debug|x64.Build.0 = Debug|Any CPU
		{084C0DDD-7AB7-41AB-ABB1-C67E99E856D5}.Debug|x86.ActiveCfg = Debug|Any CPU
		{084C0DDD-7AB7-41AB-ABB1-C67E99E856D5}.Debug|x86.Build.0 = Debug|Any CPU
		{084C0DDD-7AB7-41AB-ABB1-C67E99E856D5}.Release|Any CPU.ActiveCfg = Release|Any CPU
		{084C0DDD-7AB7-41AB-ABB1-C67E99E856D5}.Release|Any CPU.Build.0 = Release|Any CPU
		{084C0DDD-7AB7-41AB-ABB1-C67E99E856D5}.Release|x64.ActiveCfg = Release|Any CPU
		{084C0DDD-7AB7-41AB-ABB1-C67E99E856D5}.Release|x64.Build.0 = Release|Any CPU
		{084C0DDD-7AB7-41AB-ABB1-C67E99E856D5}.Release|x86.ActiveCfg = Release|Any CPU
		{084C0DDD-7AB7-41AB-ABB1-C67E99E856D5}.Release|x86.Build.0 = Release|Any CPU
	EndGlobalSection
	GlobalSection(SolutionProperties) = preSolution
		HideSolutionNode = FALSE
	EndGlobalSection
	GlobalSection(NestedProjects) = preSolution
		{49D1B5A1-B7E1-47CB-A3BD-398E91DE8EB2} = {4FA71934-E07D-CB58-10F2-4805609A2F69}
		{47A802CE-6B45-4DB0-BCC1-46E25CC4600F} = {4FA71934-E07D-CB58-10F2-4805609A2F69}
		{EAE268E6-9DC3-4022-97AC-CCB31F532D99} = {4FA71934-E07D-CB58-10F2-4805609A2F69}
		{22656539-930B-430B-9BF2-D8F5A03C889D} = {07D57EEB-2F50-60C4-C011-FE4FA775C9A8}
		{38B8FB4C-D6A4-478B-921E-387BE2A5EDF3} = {07D57EEB-2F50-60C4-C011-FE4FA775C9A8}
		{084C0DDD-7AB7-41AB-ABB1-C67E99E856D5} = {07D57EEB-2F50-60C4-C011-FE4FA775C9A8}
	EndGlobalSection
EndGlobal
